
Microsoft Visual Studio Solution File, Format Version 12.00
# Visual Studio Version 16
VisualStudioVersion = 25.0.1700.7
MinimumVisualStudioVersion = 10.0.40219.1
Project("{FAE04EC0-301F-11D3-BF4B-00C04F79EFBC}") = "IterationStatements", "IterationStatements.csproj", "{25CA56FE-33D6-47A0-986D-1115C68791E4}"
EndProject
Global
	GlobalSection(SolutionConfigurationPlatforms) = preSolution
		Debug|Any CPU = Debug|Any CPU
		Release|Any CPU = Release|Any CPU
	EndGlobalSection
	GlobalSection(ProjectConfigurationPlatforms) = postSolution
		{25CA56FE-33D6-47A0-986D-1115C68791E4}.Debug|Any CPU.ActiveCfg = Debug|Any CPU
		{25CA56FE-33D6-47A0-986D-1115C68791E4}.Debug|Any CPU.Build.0 = Debug|Any CPU
		{25CA56FE-33D6-47A0-986D-1115C68791E4}.Release|Any CPU.ActiveCfg = Release|Any CPU
		{25CA56FE-33D6-47A0-986D-1115C68791E4}.Release|Any CPU.Build.0 = Release|Any CPU
	EndGlobalSection
	GlobalSection(SolutionProperties) = preSolution
		HideSolutionNode = FALSE
	EndGlobalSection
	GlobalSection(ExtensibilityGlobals) = postSolution
		SolutionGuid = {EF12C6D9-0D64-46AB-8A53-491A482B3704}
	EndGlobalSection
EndGlobal
